
Microsoft Visual Studio Solution File, Format Version 10.00
# Visual Studio 2008
Project("{8BC9CEB8-8B4A-11D0-8D11-00A0C91BC942}") = "Application", "Application.vcproj", "{DFC46808-04A8-43EE-AADB-0E6277BA50C9}"
	ProjectSection(ProjectDependencies) = postProject
		{2A690D67-1B22-41F1-A729-C46016EC83DC} = {2A690D67-1B22-41F1-A729-C46016EC83DC}
	EndProjectSection
EndProject
Project("{8BC9CEB8-8B4A-11D0-8D11-00A0C91BC942}") = "Zenilib", "Zenilib.vcproj", "{2A690D67-1B22-41F1-A729-C46016EC83DC}"
EndProject
Project("{8BC9CEB8-8B4A-11D0-8D11-00A0C91BC942}") = "Launcher", "Launcher.vcproj", "{FEC98728-E180-4349-98AB-161F4ADCF43C}"
	ProjectSection(ProjectDependencies) = postProject
		{DFC46808-04A8-43EE-AADB-0E6277BA50C9} = {DFC46808-04A8-43EE-AADB-0E6277BA50C9}
	EndProjectSection
EndProject
Global
	GlobalSection(SolutionConfigurationPlatforms) = preSolution
		Debug SCU|Win32 = Debug SCU|Win32
		Debug SCU|x64 = Debug SCU|x64
		Debug ZeniSCU|Win32 = Debug ZeniSCU|Win32
		Debug ZeniSCU|x64 = Debug ZeniSCU|x64
		Debug|Win32 = Debug|Win32
		Debug|x64 = Debug|x64
		Release SCU|Win32 = Release SCU|Win32
		Release SCU|x64 = Release SCU|x64
		Release ZeniSCU|Win32 = Release ZeniSCU|Win32
		Release ZeniSCU|x64 = Release ZeniSCU|x64
		Release|Win32 = Release|Win32
		Release|x64 = Release|x64
	EndGlobalSection
	GlobalSection(ProjectConfigurationPlatforms) = postSolution
		{DFC46808-04A8-43EE-AADB-0E6277BA50C9}.Debug SCU|Win32.ActiveCfg = Debug SCU|Win32
		{DFC46808-04A8-43EE-AADB-0E6277BA50C9}.Debug SCU|Win32.Build.0 = Debug SCU|Win32
		{DFC46808-04A8-43EE-AADB-0E6277BA50C9}.Debug SCU|x64.ActiveCfg = Debug SCU|x64
		{DFC46808-04A8-43EE-AADB-0E6277BA50C9}.Debug SCU|x64.Build.0 = Debug SCU|x64
		{DFC46808-04A8-43EE-AADB-0E6277BA50C9}.Debug ZeniSCU|Win32.ActiveCfg = Debug|Win32
		{DFC46808-04A8-43EE-AADB-0E6277BA50C9}.Debug ZeniSCU|Win32.Build.0 = Debug|Win32
		{DFC46808-04A8-43EE-AADB-0E6277BA50C9}.Debug ZeniSCU|x64.ActiveCfg = Debug|x64
		{DFC46808-04A8-43EE-AADB-0E6277BA50C9}.Debug ZeniSCU|x64.Build.0 = Debug|x64
		{DFC46808-04A8-43EE-AADB-0E6277BA50C9}.Debug|Win32.ActiveCfg = Debug|Win32
		{DFC46808-04A8-43EE-AADB-0E6277BA50C9}.Debug|Win32.Build.0 = Debug|Win32
		{DFC46808-04A8-43EE-AADB-0E6277BA50C9}.Debug|x64.ActiveCfg = Debug|x64
		{DFC46808-04A8-43EE-AADB-0E6277BA50C9}.Debug|x64.Build.0 = Debug|x64
		{DFC46808-04A8-43EE-AADB-0E6277BA50C9}.Release SCU|Win32.ActiveCfg = Release SCU|Win32
		{DFC46808-04A8-43EE-AADB-0E6277BA50C9}.Release SCU|Win32.Build.0 = Release SCU|Win32
		{DFC46808-04A8-43EE-AADB-0E6277BA50C9}.Release SCU|x64.ActiveCfg = Release SCU|x64
		{DFC46808-04A8-43EE-AADB-0E6277BA50C9}.Release SCU|x64.Build.0 = Release SCU|x64
		{DFC46808-04A8-43EE-AADB-0E6277BA50C9}.Release ZeniSCU|Win32.ActiveCfg = Release|Win32
		{DFC46808-04A8-43EE-AADB-0E6277BA50C9}.Release ZeniSCU|Win32.Build.0 = Release|Win32
		{DFC46808-04A8-43EE-AADB-0E6277BA50C9}.Release ZeniSCU|x64.ActiveCfg = Release|x64
		{DFC46808-04A8-43EE-AADB-0E6277BA50C9}.Release ZeniSCU|x64.Build.0 = Release|x64
		{DFC46808-04A8-43EE-AADB-0E6277BA50C9}.Release|Win32.ActiveCfg = Release|Win32
		{DFC46808-04A8-43EE-AADB-0E6277BA50C9}.Release|Win32.Build.0 = Release|Win32
		{DFC46808-04A8-43EE-AADB-0E6277BA50C9}.Release|x64.ActiveCfg = Release|x64
		{DFC46808-04A8-43EE-AADB-0E6277BA50C9}.Release|x64.Build.0 = Release|x64
		{2A690D67-1B22-41F1-A729-C46016EC83DC}.Debug SCU|Win32.ActiveCfg = Debug SCU|Win32
		{2A690D67-1B22-41F1-A729-C46016EC83DC}.Debug SCU|Win32.Build.0 = Debug SCU|Win32
		{2A690D67-1B22-41F1-A729-C46016EC83DC}.Debug SCU|x64.ActiveCfg = Debug SCU|x64
		{2A690D67-1B22-41F1-A729-C46016EC83DC}.Debug SCU|x64.Build.0 = Debug SCU|x64
		{2A690D67-1B22-41F1-A729-C46016EC83DC}.Debug ZeniSCU|Win32.ActiveCfg = Debug SCU|Win32
		{2A690D67-1B22-41F1-A729-C46016EC83DC}.Debug ZeniSCU|Win32.Build.0 = Debug SCU|Win32
		{2A690D67-1B22-41F1-A729-C46016EC83DC}.Debug ZeniSCU|x64.ActiveCfg = Debug SCU|x64
		{2A690D67-1B22-41F1-A729-C46016EC83DC}.Debug ZeniSCU|x64.Build.0 = Debug SCU|x64
		{2A690D67-1B22-41F1-A729-C46016EC83DC}.Debug|Win32.ActiveCfg = Debug|Win32
		{2A690D67-1B22-41F1-A729-C46016EC83DC}.Debug|Win32.Build.0 = Debug|Win32
		{2A690D67-1B22-41F1-A729-C46016EC83DC}.Debug|x64.ActiveCfg = Debug|x64
		{2A690D67-1B22-41F1-A729-C46016EC83DC}.Debug|x64.Build.0 = Debug|x64
		{2A690D67-1B22-41F1-A729-C46016EC83DC}.Release SCU|Win32.ActiveCfg = Release SCU|Win32
		{2A690D67-1B22-41F1-A729-C46016EC83DC}.Release SCU|Win32.Build.0 = Release SCU|Win32
		{2A690D67-1B22-41F1-A729-C46016EC83DC}.Release SCU|x64.ActiveCfg = Release SCU|x64
		{2A690D67-1B22-41F1-A729-C46016EC83DC}.Release SCU|x64.Build.0 = Release SCU|x64
		{2A690D67-1B22-41F1-A729-C46016EC83DC}.Release ZeniSCU|Win32.ActiveCfg = Release SCU|Win32
		{2A690D67-1B22-41F1-A729-C46016EC83DC}.Release ZeniSCU|Win32.Build.0 = Release SCU|Win32
		{2A690D67-1B22-41F1-A729-C46016EC83DC}.Release ZeniSCU|x64.ActiveCfg = Release SCU|x64
		{2A690D67-1B22-41F1-A729-C46016EC83DC}.Release ZeniSCU|x64.Build.0 = Release SCU|x64
		{2A690D67-1B22-41F1-A729-C46016EC83DC}.Release|Win32.ActiveCfg = Release|Win32
		{2A690D67-1B22-41F1-A729-C46016EC83DC}.Release|Win32.Build.0 = Release|Win32
		{2A690D67-1B22-41F1-A729-C46016EC83DC}.Release|x64.ActiveCfg = Release|x64
		{2A690D67-1B22-41F1-A729-C46016EC83DC}.Release|x64.Build.0 = Release|x64
		{FEC98728-E180-4349-98AB-161F4ADCF43C}.Debug SCU|Win32.ActiveCfg = Debug|Win32
		{FEC98728-E180-4349-98AB-161F4ADCF43C}.Debug SCU|x64.ActiveCfg = Debug|x64
		{FEC98728-E180-4349-98AB-161F4ADCF43C}.Debug ZeniSCU|Win32.ActiveCfg = Debug|Win32
		{FEC98728-E180-4349-98AB-161F4ADCF43C}.Debug ZeniSCU|x64.ActiveCfg = Debug|x64
		{FEC98728-E180-4349-98AB-161F4ADCF43C}.Debug|Win32.ActiveCfg = Debug|Win32
		{FEC98728-E180-4349-98AB-161F4ADCF43C}.Debug|x64.ActiveCfg = Debug|x64
		{FEC98728-E180-4349-98AB-161F4ADCF43C}.Release SCU|Win32.ActiveCfg = Release|Win32
		{FEC98728-E180-4349-98AB-161F4ADCF43C}.Release SCU|Win32.Build.0 = Release|Win32
		{FEC98728-E180-4349-98AB-161F4ADCF43C}.Release SCU|x64.ActiveCfg = Release|x64
		{FEC98728-E180-4349-98AB-161F4ADCF43C}.Release SCU|x64.Build.0 = Release|x64
		{FEC98728-E180-4349-98AB-161F4ADCF43C}.Release ZeniSCU|Win32.ActiveCfg = Release|Win32
		{FEC98728-E180-4349-98AB-161F4ADCF43C}.Release ZeniSCU|Win32.Build.0 = Release|Win32
		{FEC98728-E180-4349-98AB-161F4ADCF43C}.Release ZeniSCU|x64.ActiveCfg = Release|x64
		{FEC98728-E180-4349-98AB-161F4ADCF43C}.Release ZeniSCU|x64.Build.0 = Release|x64
		{FEC98728-E180-4349-98AB-161F4ADCF43C}.Release|Win32.ActiveCfg = Release|Win32
		{FEC98728-E180-4349-98AB-161F4ADCF43C}.Release|Win32.Build.0 = Release|Win32
		{FEC98728-E180-4349-98AB-161F4ADCF43C}.Release|x64.ActiveCfg = Release|x64
		{FEC98728-E180-4349-98AB-161F4ADCF43C}.Release|x64.Build.0 = Release|x64
	EndGlobalSection
	GlobalSection(SolutionProperties) = preSolution
		HideSolutionNode = FALSE
	EndGlobalSection
EndGlobal
