<?xml version="1.0" encoding="utf-8"?>
<Project ToolsVersion="4.0" xmlns="http://schemas.microsoft.com/developer/msbuild/2003">
  <ItemGroup>
    <Filter Include="Source Files">
      <UniqueIdentifier>{4FC737F1-C7A5-4376-A066-2A32D752A2FF}</UniqueIdentifier>
      <Extensions>cpp;c;cc;def;odl;idl;hpj;bat;asm;asmx</Extensions>
    </Filter>
    <Filter Include="Header Files">
      <UniqueIdentifier>{93995380-89BD-4b04-88EB-625FBE52EBFB}</UniqueIdentifier>
      <Extensions>h;hm;hpp;xsd</Extensions>
    </Filter>
    <Filter Include="Include Files">
      <UniqueIdentifier>{df2d9eca-c95c-4d74-8aad-b5190a98e8dc}</UniqueIdentifier>
      <Extensions>hxx;inl;inc</Extensions>
    </Filter>
    <Filter Include="SCU File">
      <UniqueIdentifier>{adea43bb-3d21-45f1-9f70-d6b2e4f4d8bc}</UniqueIdentifier>
      <Extensions>cxx</Extensions>
    </Filter>
    <Filter Include="Configuration Files">
      <UniqueIdentifier>{3b664570-37ef-4823-953a-1d47215cbf8c}</UniqueIdentifier>
      <Extensions>xml;ini;txt</Extensions>
    </Filter>
  </ItemGroup>
  <ItemGroup>
    <ClCompile Include="..\src\Gamestate_One.cpp">
      <Filter>Source Files</Filter>
    </ClCompile>
    <ClCompile Include="..\src\application.cxx">
      <Filter>SCU File</Filter>
    </ClCompile>
  </ItemGroup>
  <ItemGroup>
    <ClInclude Include="..\include\zenilib.h">
      <Filter>Header Files</Filter>
    </ClInclude>
  </ItemGroup>
  <ItemGroup>
    <None Include="..\config\colors.xml">
      <Filter>Configuration Files</Filter>
    </None>
    <None Include="..\config\fonts.xml">
      <Filter>Configuration Files</Filter>
    </None>
    <None Include="..\config\sounds.xml">
      <Filter>Configuration Files</Filter>
    </None>
    <None Include="..\config\textures.xml">
      <Filter>Configuration Files</Filter>
    </None>
    <None Include="..\config\zenilib.xml">
      <Filter>Configuration Files</Filter>
    </None>
  </ItemGroup>
</Project>